{
  "lockfileVersion": 1,
  "dependencies": {
    "ng-http-loader": {
      "version": "3.0.0",
      "resolved": "https://registry.npmjs.org/ng-http-loader/-/ng-http-loader-3.0.0.tgz",
      "integrity": "sha512-yX8BxcuND+qcv8P3GejD5JMAoQ1YfrHS/IxmvBxMElyrLM3w93lHXIOQUDbHsVpzQWtcfEKEi7Dnf/r/c0m42Q=="
    },
    "tslib": {
      "version": "1.9.3",
      "resolved": "https://registry.npmjs.org/tslib/-/tslib-1.9.3.tgz",
      "integrity": "sha512-4krF8scpejhaOgqzBEcGM7yDIEfi0/8+8zDRZhNZZ2kjmHJ4hv3zCbQWxoJGz1iw5U0Jl0nma13xzHXcncMavQ=="
    }
  }
}
